
Microsoft Visual Studio Solution File, Format Version 12.00
# Visual Studio Version 16
VisualStudioVersion = 16.0.31911.196
MinimumVisualStudioVersion = 10.0.40219.1
Project("{8BC9CEB8-8B4A-11D0-8D11-00A0C91BC942}") = "lab5zad2", "lab5zad2\lab5zad2.vcxproj", "{738DFFEF-BB3E-48CB-ADFB-126AAC7BF902}"
EndProject
Global
	GlobalSection(SolutionConfigurationPlatforms) = preSolution
		Debug|x64 = Debug|x64
		Debug|x86 = Debug|x86
		Release|x64 = Release|x64
		Release|x86 = Release|x86
	EndGlobalSection
	GlobalSection(ProjectConfigurationPlatforms) = postSolution
		{738DFFEF-BB3E-48CB-ADFB-126AAC7BF902}.Debug|x64.ActiveCfg = Debug|x64
		{738DFFEF-BB3E-48CB-ADFB-126AAC7BF902}.Debug|x64.Build.0 = Debug|x64
		{738DFFEF-BB3E-48CB-ADFB-126AAC7BF902}.Debug|x86.ActiveCfg = Debug|Win32
		{738DFFEF-BB3E-48CB-ADFB-126AAC7BF902}.Debug|x86.Build.0 = Debug|Win32
		{738DFFEF-BB3E-48CB-ADFB-126AAC7BF902}.Release|x64.ActiveCfg = Release|x64
		{738DFFEF-BB3E-48CB-ADFB-126AAC7BF902}.Release|x64.Build.0 = Release|x64
		{738DFFEF-BB3E-48CB-ADFB-126AAC7BF902}.Release|x86.ActiveCfg = Release|Win32
		{738DFFEF-BB3E-48CB-ADFB-126AAC7BF902}.Release|x86.Build.0 = Release|Win32
	EndGlobalSection
	GlobalSection(SolutionProperties) = preSolution
		HideSolutionNode = FALSE
	EndGlobalSection
	GlobalSection(ExtensibilityGlobals) = postSolution
		SolutionGuid = {450E9C15-1FD4-4B29-969E-F8EBC24A86B6}
	EndGlobalSection
EndGlobal
